
Microsoft Visual Studio Solution File, Format Version 12.00
# Visual Studio Version 17
VisualStudioVersion = 17.2.32516.85
MinimumVisualStudioVersion = 10.0.40219.1
Project("{8BC9CEB8-8B4A-11D0-8D11-00A0C91BC942}") = "_MyVFS", "_MyVFS.vcxproj", "{74D31783-A744-4CE9-8250-B1A9E6EEF1B1}"
EndProject
Global
	GlobalSection(SolutionConfigurationPlatforms) = preSolution
		Debug|x64 = Debug|x64
		Debug|x86 = Debug|x86
		Release|x64 = Release|x64
		Release|x86 = Release|x86
	EndGlobalSection
	GlobalSection(ProjectConfigurationPlatforms) = postSolution
		{74D31783-A744-4CE9-8250-B1A9E6EEF1B1}.Debug|x64.ActiveCfg = Debug|x64
		{74D31783-A744-4CE9-8250-B1A9E6EEF1B1}.Debug|x64.Build.0 = Debug|x64
		{74D31783-A744-4CE9-8250-B1A9E6EEF1B1}.Debug|x86.ActiveCfg = Debug|Win32
		{74D31783-A744-4CE9-8250-B1A9E6EEF1B1}.Debug|x86.Build.0 = Debug|Win32
		{74D31783-A744-4CE9-8250-B1A9E6EEF1B1}.Release|x64.ActiveCfg = Release|x64
		{74D31783-A744-4CE9-8250-B1A9E6EEF1B1}.Release|x64.Build.0 = Release|x64
		{74D31783-A744-4CE9-8250-B1A9E6EEF1B1}.Release|x86.ActiveCfg = Release|Win32
		{74D31783-A744-4CE9-8250-B1A9E6EEF1B1}.Release|x86.Build.0 = Release|Win32
	EndGlobalSection
	GlobalSection(SolutionProperties) = preSolution
		HideSolutionNode = FALSE
	EndGlobalSection
	GlobalSection(ExtensibilityGlobals) = postSolution
		SolutionGuid = {26717077-BC2B-4F1D-BECA-3081A4B08C68}
	EndGlobalSection
EndGlobal
